# This file is automatically @generated by Cargo.
# It is not intended for manual editing.
version = 4

[[package]]
name = "adler2"
version = "2.0.1"
source = "registry+https://github.com/rust-lang/crates.io-index"
checksum = "320119579fcad9c21884f5c4861d16174d0e06250625266f50fe6898340abefa"

[[package]]
name = "allocator-api2"
version = "0.2.21"
source = "registry+https://github.com/rust-lang/crates.io-index"
checksum = "683d7910e743518b0e34f1186f92494becacb047c7b6bf616c96772180fef923"

[[package]]
name = "byteorder"
version = "1.5.0"
source = "registry+https://github.com/rust-lang/crates.io-index"
checksum = "1fd0f2584146f6f2ef48085050886acf353beff7305ebd1ae69500e27c67f64b"

[[package]]
name = "equivalent"
version = "1.0.2"
source = "registry+https://github.com/rust-lang/crates.io-index"
checksum = "877a4ace8713b0bcf2a4e7eec82529c029f1d0619886d18145fea96c3ffe5c0f"

[[package]]
name = "ferrix-acpi"
version = "0.1.0"

[[package]]
name = "ferrix-adb"
version = "0.1.0"

[[package]]
name = "ferrix-argon2"
version = "0.1.0"

[[package]]
name = "ferrix-audit"
version = "0.1.0"

[[package]]
name = "ferrix-auth-proto"
version = "0.1.0"

[[package]]
name = "ferrix-blk"
version = "0.1.0"
dependencies = [
 "ferrix-blkring",
 "ferrix-blkserve",
 "ferrix-driver",
 "ferrix-rt",
 "ferrix-virtio-blk",
]

[[package]]
name = "ferrix-blkring"
version = "0.1.0"
dependencies = [
 "ferrix-linux-abi",
 "ferrix-native-abi",
]

[[package]]
name = "ferrix-blkserve"
version = "0.1.0"
dependencies = [
 "ferrix-blkring",
 "ferrix-virtio",
 "ferrix-virtio-blk",
]

[[package]]
name = "ferrix-block"
version = "0.1.0"

[[package]]
name = "ferrix-boot"
version = "0.1.0"
dependencies = [
 "ferrix-bootinfo",
 "ferrix-elf",
 "ferrix-paging",
]

[[package]]
name = "ferrix-boot-pixel7"
version = "0.1.0"
dependencies = [
 "ferrix-bootinfo",
 "ferrix-elf",
 "ferrix-fdt",
 "ferrix-paging",
]

[[package]]
name = "ferrix-bootinfo"
version = "0.1.0"

[[package]]
name = "ferrix-btrfs"
version = "0.1.0"
dependencies = [
 "lzokay-native",
 "miniz_oxide",
 "ruzstd",
]

[[package]]
name = "ferrix-btrfs-vfs"
version = "0.1.0"
dependencies = [
 "ferrix-btrfs",
 "ferrix-btrfs-write",
 "ferrix-sync",
 "ferrix-vfs",
]

[[package]]
name = "ferrix-btrfs-write"
version = "0.1.0"
dependencies = [
 "ferrix-btrfs",
 "ferrix-fallible",
 "ferrix-heap",
]

[[package]]
name = "ferrix-cgroupfs"
version = "0.1.0"

[[package]]
name = "ferrix-channel-echo"
version = "0.1.0"
dependencies = [
 "ferrix-rt",
]

[[package]]
name = "ferrix-chardevctl"
version = "0.1.0"

[[package]]
name = "ferrix-cpio"
version = "0.1.0"

[[package]]
name = "ferrix-crng"
version = "0.1.0"

[[package]]
name = "ferrix-description"
version = "0.1.0"

[[package]]
name = "ferrix-devmgr"
version = "0.1.0"
dependencies = [
 "ferrix-blkring",
 "ferrix-devmgr-proto",
 "ferrix-native-abi",
 "ferrix-netring",
 "ferrix-restart",
 "ferrix-rt",
]

[[package]]
name = "ferrix-devmgr-proto"
version = "0.1.0"
dependencies = [
 "ferrix-blkring",
 "ferrix-native-abi",
 "ferrix-netring",
]

[[package]]
name = "ferrix-displayctl"
version = "0.1.0"
dependencies = [
 "ferrix-linux-abi",
 "ferrix-native-abi",
]

[[package]]
name = "ferrix-driver"
version = "0.1.0"
dependencies = [
 "ferrix-blkring",
 "ferrix-blkserve",
 "ferrix-inputctl",
 "ferrix-native-abi",
 "ferrix-rt",
 "ferrix-virtio",
 "ferrix-virtio-blk",
 "ferrix-virtio-input",
]

[[package]]
name = "ferrix-dwc3"
version = "0.1.0"
dependencies = [
 "ferrix-usb-device",
]

[[package]]
name = "ferrix-elf"
version = "0.1.0"

[[package]]
name = "ferrix-fallible"
version = "0.1.0"
dependencies = [
 "ferrix-sync",
]

[[package]]
name = "ferrix-fbtext"
version = "0.1.0"

[[package]]
name = "ferrix-fdt"
version = "0.1.0"

[[package]]
name = "ferrix-frame"
version = "0.1.0"

[[package]]
name = "ferrix-gc400"
version = "0.1.0"

[[package]]
name = "ferrix-gc400-driver"
version = "0.1.0"
dependencies = [
 "ferrix-blkring",
 "ferrix-gc400",
 "ferrix-native-abi",
 "ferrix-rt",
]

[[package]]
name = "ferrix-gpu"
version = "0.1.0"
dependencies = [
 "ferrix-blkring",
 "ferrix-displayctl",
 "ferrix-native-abi",
 "ferrix-renderctl",
 "ferrix-rt",
 "ferrix-virtio",
 "ferrix-virtio-gpu",
]

[[package]]
name = "ferrix-heap"
version = "0.1.0"

[[package]]
name = "ferrix-input"
version = "0.1.0"
dependencies = [
 "ferrix-driver",
 "ferrix-inputctl",
 "ferrix-rt",
 "ferrix-virtio-input",
]

[[package]]
name = "ferrix-inputctl"
version = "0.1.0"
dependencies = [
 "ferrix-linux-abi",
 "ferrix-native-abi",
]

[[package]]
name = "ferrix-ipc-bench"
version = "0.1.0"
dependencies = [
 "ferrix-native-abi",
 "ferrix-rt",
]

[[package]]
name = "ferrix-kernel"
version = "0.1.0"
dependencies = [
 "ferrix-acpi",
 "ferrix-audit",
 "ferrix-blkring",
 "ferrix-block",
 "ferrix-bootinfo",
 "ferrix-btrfs",
 "ferrix-btrfs-vfs",
 "ferrix-btrfs-write",
 "ferrix-cgroupfs",
 "ferrix-chardevctl",
 "ferrix-crng",
 "ferrix-description",
 "ferrix-devmgr-proto",
 "ferrix-displayctl",
 "ferrix-elf",
 "ferrix-fallible",
 "ferrix-fbtext",
 "ferrix-fdt",
 "ferrix-frame",
 "ferrix-heap",
 "ferrix-inputctl",
 "ferrix-kmem",
 "ferrix-linux-abi",
 "ferrix-logctl",
 "ferrix-native-abi",
 "ferrix-net",
 "ferrix-netlink",
 "ferrix-netring",
 "ferrix-nettcp",
 "ferrix-netwire",
 "ferrix-objects",
 "ferrix-paging",
 "ferrix-partition",
 "ferrix-pci",
 "ferrix-procfs",
 "ferrix-qr",
 "ferrix-renderctl",
 "ferrix-sched",
 "ferrix-seccomp",
 "ferrix-sndctl",
 "ferrix-sync",
 "ferrix-sysfs",
 "ferrix-ustack",
 "ferrix-vdso",
 "ferrix-vfs",
 "ferrix-virtio",
 "ferrix-vma",
]

[[package]]
name = "ferrix-kmem"
version = "0.1.0"
dependencies = [
 "ferrix-heap",
 "ferrix-sync",
]

[[package]]
name = "ferrix-linux-abi"
version = "0.1.0"

[[package]]
name = "ferrix-logctl"
version = "0.1.0"

[[package]]
name = "ferrix-ltdc"
version = "0.1.0"
dependencies = [
 "ferrix-blkring",
 "ferrix-displayctl",
 "ferrix-native-abi",
 "ferrix-rt",
 "ferrix-stm32-display",
]

[[package]]
name = "ferrix-native"
version = "0.1.0"
dependencies = [
 "ferrix-linux-abi",
 "ferrix-native-abi",
]

[[package]]
name = "ferrix-native-abi"
version = "0.1.0"
dependencies = [
 "ferrix-linux-abi",
]

[[package]]
name = "ferrix-net"
version = "0.1.0"
dependencies = [
 "ferrix-kmem",
 "ferrix-nettcp",
 "ferrix-netwire",
]

[[package]]
name = "ferrix-net-driver"
version = "0.1.0"
dependencies = [
 "ferrix-native-abi",
 "ferrix-netring",
 "ferrix-netserve",
 "ferrix-rt",
 "ferrix-virtio",
 "ferrix-virtio-net",
]

[[package]]
name = "ferrix-netlink"
version = "0.1.0"
dependencies = [
 "ferrix-linux-abi",
]

[[package]]
name = "ferrix-netring"
version = "0.1.0"
dependencies = [
 "ferrix-linux-abi",
 "ferrix-native-abi",
]

[[package]]
name = "ferrix-netserve"
version = "0.1.0"
dependencies = [
 "ferrix-netring",
 "ferrix-virtio-net",
]

[[package]]
name = "ferrix-nettcp"
version = "0.1.0"
dependencies = [
 "ferrix-kmem",
 "ferrix-netwire",
]

[[package]]
name = "ferrix-netwire"
version = "0.1.0"

[[package]]
name = "ferrix-objects"
version = "0.1.0"
dependencies = [
 "ferrix-fallible",
 "ferrix-native-abi",
 "ferrix-sync",
]

[[package]]
name = "ferrix-paging"
version = "0.1.0"

[[package]]
name = "ferrix-partition"
version = "0.1.0"

[[package]]
name = "ferrix-pci"
version = "0.1.0"

[[package]]
name = "ferrix-pkg"
version = "0.1.0"
dependencies = [
 "ferrix-argon2",
]

[[package]]
name = "ferrix-pong"
version = "0.1.0"
dependencies = [
 "ferrix-native-abi",
 "ferrix-rt",
]

[[package]]
name = "ferrix-procfs"
version = "0.1.0"

[[package]]
name = "ferrix-qr"
version = "0.1.0"
dependencies = [
 "qrcode",
 "rqrr",
]

[[package]]
name = "ferrix-renderctl"
version = "0.1.0"
dependencies = [
 "ferrix-native-abi",
]

[[package]]
name = "ferrix-restart"
version = "0.1.0"

[[package]]
name = "ferrix-rt"
version = "0.1.0"
dependencies = [
 "ferrix-linux-abi",
 "ferrix-native",
]

[[package]]
name = "ferrix-sched"
version = "0.1.0"
dependencies = [
 "ferrix-fallible",
]

[[package]]
name = "ferrix-seccomp"
version = "0.1.0"

[[package]]
name = "ferrix-snd"
version = "0.1.0"
dependencies = [
 "ferrix-blkring",
 "ferrix-native-abi",
 "ferrix-rt",
 "ferrix-sndctl",
 "ferrix-virtio",
 "ferrix-virtio-snd",
]

[[package]]
name = "ferrix-sndctl"
version = "0.1.0"
dependencies = [
 "ferrix-linux-abi",
 "ferrix-native-abi",
]

[[package]]
name = "ferrix-stm32-display"
version = "0.1.0"

[[package]]
name = "ferrix-svc"
version = "0.1.0"
dependencies = [
 "ferrix-restart",
 "ferrix-seccomp",
]

[[package]]
name = "ferrix-svc-proto"
version = "0.1.0"

[[package]]
name = "ferrix-sync"
version = "0.1.0"

[[package]]
name = "ferrix-sysfs"
version = "0.1.0"

[[package]]
name = "ferrix-usb-device"
version = "0.1.0"

[[package]]
name = "ferrix-usb-host"
version = "0.1.0"
dependencies = [
 "ferrix-inputctl",
 "ferrix-linux-abi",
 "ferrix-native-abi",
]

[[package]]
name = "ferrix-usbdev"
version = "0.1.0"
dependencies = [
 "ferrix-blkring",
 "ferrix-dwc3",
 "ferrix-linux-abi",
 "ferrix-logctl",
 "ferrix-native-abi",
 "ferrix-rt",
]

[[package]]
name = "ferrix-usbhid"
version = "0.1.0"
dependencies = [
 "ferrix-blkring",
 "ferrix-inputctl",
 "ferrix-native-abi",
 "ferrix-rt",
 "ferrix-usb-host",
]

[[package]]
name = "ferrix-ustack"
version = "0.1.0"
dependencies = [
 "ferrix-linux-abi",
]

[[package]]
name = "ferrix-vdagent"
version = "0.1.0"

[[package]]
name = "ferrix-vdso"
version = "0.1.0"

[[package]]
name = "ferrix-vfs"
version = "0.1.0"
dependencies = [
 "ferrix-cpio",
 "ferrix-kmem",
 "ferrix-linux-abi",
 "ferrix-sync",
]

[[package]]
name = "ferrix-virtio"
version = "0.1.0"
dependencies = [
 "ferrix-linux-abi",
]

[[package]]
name = "ferrix-virtio-blk"
version = "0.1.0"
dependencies = [
 "ferrix-virtio",
]

[[package]]
name = "ferrix-virtio-console"
version = "0.1.0"
dependencies = [
 "ferrix-virtio",
]

[[package]]
name = "ferrix-virtio-gpu"
version = "0.1.0"
dependencies = [
 "ferrix-displayctl",
 "ferrix-virtio",
]

[[package]]
name = "ferrix-virtio-input"
version = "0.1.0"
dependencies = [
 "ferrix-inputctl",
 "ferrix-linux-abi",
 "ferrix-virtio",
]

[[package]]
name = "ferrix-virtio-net"
version = "0.1.0"
dependencies = [
 "ferrix-virtio",
]

[[package]]
name = "ferrix-virtio-snd"
version = "0.1.0"
dependencies = [
 "ferrix-linux-abi",
 "ferrix-sndctl",
 "ferrix-virtio",
]

[[package]]
name = "ferrix-vma"
version = "0.1.0"
dependencies = [
 "ferrix-fallible",
 "ferrix-kmem",
]

[[package]]
name = "ferrix-vport"
version = "0.1.0"
dependencies = [
 "ferrix-blkring",
 "ferrix-linux-abi",
 "ferrix-native-abi",
 "ferrix-rt",
 "ferrix-virtio",
 "ferrix-virtio-console",
]

[[package]]
name = "foldhash"
version = "0.2.0"
source = "registry+https://github.com/rust-lang/crates.io-index"
checksum = "77ce24cb58228fbb8aa041425bb1050850ac19177686ea6e0f41a70416f56fdb"

[[package]]
name = "g2gen"
version = "1.2.2"
source = "registry+https://github.com/rust-lang/crates.io-index"
checksum = "c5a7e0eb46f83a20260b850117d204366674e85d3a908d90865c78df9a6b1dfc"
dependencies = [
 "g2poly",
 "proc-macro2",
 "quote",
 "syn",
]

[[package]]
name = "g2p"
version = "1.2.2"
source = "registry+https://github.com/rust-lang/crates.io-index"
checksum = "539e2644c030d3bf4cd208cb842d2ce2f80e82e6e8472390bcef83ceba0d80ad"
dependencies = [
 "g2gen",
 "g2poly",
]

[[package]]
name = "g2poly"
version = "1.2.2"
source = "registry+https://github.com/rust-lang/crates.io-index"
checksum = "312d2295c7302019c395cfb90dacd00a82a2eabd700429bba9c7a3f38dbbe11b"

[[package]]
name = "hashbrown"
version = "0.17.1"
source = "registry+https://github.com/rust-lang/crates.io-index"
checksum = "ed5909b6e89a2db4456e54cd5f673791d7eca6732202bbf2a9cc504fe2f9b84a"
dependencies = [
 "allocator-api2",
 "equivalent",
 "foldhash",
]

[[package]]
name = "lru"
version = "0.18.4"
source = "registry+https://github.com/rust-lang/crates.io-index"
checksum = "ff9840bcc50b71349309900da0ce7279aa336ae71d73250b07998932c7d97c25"
dependencies = [
 "hashbrown",
]

[[package]]
name = "lzokay-native"
version = "0.1.0"
source = "registry+https://github.com/rust-lang/crates.io-index"
checksum = "792ba667add2798c6c3e988e630f4eb921b5cbc735044825b7111ef1582c8730"
dependencies = [
 "byteorder",
 "thiserror",
]

[[package]]
name = "miniz_oxide"
version = "0.9.1"
source = "registry+https://github.com/rust-lang/crates.io-index"
checksum = "b63fbc4a50860e98e7b2aa7804ded1db5cbc3aff9193adaff57a6931bf7c4b4c"
dependencies = [
 "adler2",
]

[[package]]
name = "proc-macro2"
version = "1.0.107"
source = "registry+https://github.com/rust-lang/crates.io-index"
checksum = "985e7ec9bb745e6ce6535b544d84d6cd6f7ad8bd711c398938ae983b91a766d9"
dependencies = [
 "unicode-ident",
]

[[package]]
name = "qrcode"
version = "0.14.1"
source = "registry+https://github.com/rust-lang/crates.io-index"
checksum = "d68782463e408eb1e668cf6152704bd856c78c5b6417adaee3203d8f4c1fc9ec"

[[package]]
name = "quote"
version = "1.0.47"
source = "registry+https://github.com/rust-lang/crates.io-index"
checksum = "1fbf4db142a473a8d80c26bbf18454ed458bf8d26c8219c331daecfdbd079001"
dependencies = [
 "proc-macro2",
]

[[package]]
name = "rqrr"
version = "0.11.0"
source = "registry+https://github.com/rust-lang/crates.io-index"
checksum = "8d084c50c5cfa397a081850da329566c8667b0b6c4e81da16abff1fef27de93b"
dependencies = [
 "g2p",
 "lru",
]

[[package]]
name = "ruzstd"
version = "0.9.0"
source = "registry+https://github.com/rust-lang/crates.io-index"
checksum = "a252f5e20f038fe7b4ea53e073e65398d652c864cc162fc77c56c2f13717b888"

[[package]]
name = "syn"
version = "2.0.119"
source = "registry+https://github.com/rust-lang/crates.io-index"
checksum = "872831b642d1a07999a962a351ed35b955ea2cfc8f3862091e2a240a84f17297"
dependencies = [
 "proc-macro2",
 "quote",
 "unicode-ident",
]

[[package]]
name = "thiserror"
version = "1.0.69"
source = "registry+https://github.com/rust-lang/crates.io-index"
checksum = "b6aaf5339b578ea85b50e080feb250a3e8ae8cfcdff9a461c9ec2904bc923f52"
dependencies = [
 "thiserror-impl",
]

[[package]]
name = "thiserror-impl"
version = "1.0.69"
source = "registry+https://github.com/rust-lang/crates.io-index"
checksum = "4fee6c4efc90059e10f81e6d42c60a18f76588c3d74cb83a0b242a2b6c7504c1"
dependencies = [
 "proc-macro2",
 "quote",
 "syn",
]

[[package]]
name = "unicode-ident"
version = "1.0.24"
source = "registry+https://github.com/rust-lang/crates.io-index"
checksum = "e6e4313cd5fcd3dad5cafa179702e2b244f760991f45397d14d4ebf38247da75"

[[package]]
name = "xtask"
version = "0.1.0"
dependencies = [
 "ferrix-adb",
 "ferrix-argon2",
 "ferrix-cpio",
 "ferrix-displayctl",
 "ferrix-elf",
 "ferrix-native-abi",
 "ferrix-netwire",
 "ferrix-pkg",
 "ferrix-vdagent",
]
