# This file is automatically @generated by Cargo.
# It is not intended for manual editing.
version = 4

[[package]]
name = "authctl"
version = "0.1.0"
dependencies = [
 "ferrix-auth-client",
 "ferrix-auth-proto",
]

[[package]]
name = "authd"
version = "0.1.0"
dependencies = [
 "ferrix-argon2",
 "ferrix-auth-client",
 "ferrix-auth-proto",
 "ferrix-native",
 "ferrix-native-abi",
 "ferrix-svc",
 "libc",
]

[[package]]
name = "ferrix-argon2"
version = "0.1.0"

[[package]]
name = "ferrix-auth-account"
version = "0.1.0"
dependencies = [
 "libc",
]

[[package]]
name = "ferrix-auth-client"
version = "0.1.0"
dependencies = [
 "ferrix-auth-proto",
 "libc",
]

[[package]]
name = "ferrix-auth-proto"
version = "0.1.0"

[[package]]
name = "ferrix-linux-abi"
version = "0.1.0"

[[package]]
name = "ferrix-native"
version = "0.1.0"
dependencies = [
 "ferrix-linux-abi",
 "ferrix-native-abi",
]

[[package]]
name = "ferrix-native-abi"
version = "0.1.0"
dependencies = [
 "ferrix-linux-abi",
]

[[package]]
name = "ferrix-restart"
version = "0.1.0"

[[package]]
name = "ferrix-svc"
version = "0.1.0"
dependencies = [
 "ferrix-restart",
]

[[package]]
name = "ferrix-svc-proto"
version = "0.1.0"

[[package]]
name = "libc"
version = "0.2.189"
source = "registry+https://github.com/rust-lang/crates.io-index"
checksum = "3eaf3ede3fee6db1a4c2ee091bf8a8b4dccdc6d17f656fb07896ee72867612f2"

[[package]]
name = "login"
version = "0.1.0"
dependencies = [
 "ferrix-auth-account",
 "ferrix-auth-client",
 "ferrix-svc-proto",
 "libc",
]

[[package]]
name = "passwd"
version = "0.1.0"
dependencies = [
 "ferrix-auth-client",
 "ferrix-auth-proto",
]

[[package]]
name = "su"
version = "0.1.0"
dependencies = [
 "ferrix-auth-account",
 "ferrix-auth-client",
 "libc",
]
