# This file is automatically @generated by Cargo.
# It is not intended for manual editing.
version = 4

[[package]]
name = "dirclient"
version = "0.1.0"
dependencies = [
 "ferrix-native",
 "ferrix-native-abi",
 "libc",
]

[[package]]
name = "drvupdate"
version = "0.1.0"
dependencies = [
 "ferrix-drvupdate-proto",
 "libc",
]

[[package]]
name = "ferrix-audit"
version = "0.1.0"

[[package]]
name = "ferrix-drvupdate-proto"
version = "0.1.0"

[[package]]
name = "ferrix-linux-abi"
version = "0.1.0"

[[package]]
name = "ferrix-native"
version = "0.1.0"
dependencies = [
 "ferrix-linux-abi",
 "ferrix-native-abi",
]

[[package]]
name = "ferrix-native-abi"
version = "0.1.0"
dependencies = [
 "ferrix-linux-abi",
]

[[package]]
name = "ferrix-restart"
version = "0.1.0"

[[package]]
name = "ferrix-svc"
version = "0.1.0"
dependencies = [
 "ferrix-restart",
]

[[package]]
name = "ferrix-svc-proto"
version = "0.1.0"

[[package]]
name = "getty"
version = "0.1.0"
dependencies = [
 "libc",
]

[[package]]
name = "init"
version = "0.1.0"
dependencies = [
 "ferrix-audit",
 "ferrix-native",
 "ferrix-native-abi",
 "ferrix-svc",
 "ferrix-svc-proto",
 "libc",
]

[[package]]
name = "libc"
version = "0.2.189"
source = "registry+https://github.com/rust-lang/crates.io-index"
checksum = "3eaf3ede3fee6db1a4c2ee091bf8a8b4dccdc6d17f656fb07896ee72867612f2"

[[package]]
name = "svc"
version = "0.1.0"
dependencies = [
 "ferrix-audit",
 "ferrix-svc-proto",
]
