# This file is automatically @generated by Cargo.
# It is not intended for manual editing.
version = 4

[[package]]
name = "ferrix-chardevctl"
version = "0.1.0"

[[package]]
name = "ferrix-displayctl"
version = "0.1.0"
dependencies = [
 "ferrix-linux-abi",
 "ferrix-native-abi",
]

[[package]]
name = "ferrix-linux-abi"
version = "0.1.0"

[[package]]
name = "ferrix-native"
version = "0.1.0"
dependencies = [
 "ferrix-linux-abi",
 "ferrix-native-abi",
]

[[package]]
name = "ferrix-native-abi"
version = "0.1.0"
dependencies = [
 "ferrix-linux-abi",
]

[[package]]
name = "ferrix-nvos"
version = "0.1.0"
dependencies = [
 "ferrix-chardevctl",
 "ferrix-displayctl",
 "ferrix-native",
 "ferrix-native-abi",
]
